
Microsoft Visual Studio Solution File, Format Version 12.00
# Visual Studio 15
VisualStudioVersion = 15.0.27703.2035
MinimumVisualStudioVersion = 10.0.40219.1
Project("{FAE04EC0-301F-11D3-BF4B-00C04F79EFBC}") = "Cyphers", "Cyphers\Cyphers.csproj", "{84973045-6723-4487-A300-1D934B6AE899}"
EndProject
Global
	GlobalSection(SolutionConfigurationPlatforms) = preSolution
		Debug|Any CPU = Debug|Any CPU
		Release|Any CPU = Release|Any CPU
	EndGlobalSection
	GlobalSection(ProjectConfigurationPlatforms) = postSolution
		{84973045-6723-4487-A300-1D934B6AE899}.Debug|Any CPU.ActiveCfg = Debug|Any CPU
		{84973045-6723-4487-A300-1D934B6AE899}.Debug|Any CPU.Build.0 = Debug|Any CPU
		{84973045-6723-4487-A300-1D934B6AE899}.Release|Any CPU.ActiveCfg = Release|Any CPU
		{84973045-6723-4487-A300-1D934B6AE899}.Release|Any CPU.Build.0 = Release|Any CPU
	EndGlobalSection
	GlobalSection(SolutionProperties) = preSolution
		HideSolutionNode = FALSE
	EndGlobalSection
	GlobalSection(ExtensibilityGlobals) = postSolution
		SolutionGuid = {56FE1ECE-59A0-4715-9D0C-17AC7C91694E}
	EndGlobalSection
EndGlobal
